<?xml version="1.0" encoding="utf-8"?>
<Project ToolsVersion="4.0" xmlns="http://schemas.microsoft.com/developer/msbuild/2003">
  <ItemGroup>
    <ClCompile Include="mec_csum.c" />
    <ClCompile Include="mman.c" />
  </ItemGroup>
  <ItemGroup>
    <ClInclude Include="mmapfile.h" />
    <ClInclude Include="compat.h" />
    <ClInclude Include="mman.h" />
  </ItemGroup>
</Project>